{
  "name": "photo_deps",
  "version": "0.0.0",
  "lockfileVersion": 1,
  "requires": true,
  "dependencies": {
    "exifreader": {
      "version": "3.12.2",
      "resolved": "https://registry.npmjs.org/exifreader/-/exifreader-3.12.2.tgz",
      "integrity": "sha512-4+WpOVVW0iVbdMq4JnsmOx7vOurKEwb6vfopVkDW/g/JSIpdflkH6Q04yEBvh4ZzAU9l0UbvsSGf9LaW/Bu14w==",
      "requires": {
        "xmldom": "^0.1.31"
      }
    },
    "xmldom": {
      "version": "0.1.31",
      "resolved": "https://registry.npmjs.org/xmldom/-/xmldom-0.1.31.tgz",
      "integrity": "sha512-yS2uJflVQs6n+CyjHoaBmVSqIDevTAWrzMmjG1Gc7h1qQ7uVozNhEPJAwZXWyGQ/Gafo3fCwrcaokezLPupVyQ==",
      "optional": true
    }
  }
}
