{
  "name": "setup",
  "version": "1.0.0",
  "lockfileVersion": 1,
  "requires": true,
  "dependencies": {
    "jose": {
      "version": "3.14.3",
      "resolved": "https://registry.npmjs.org/jose/-/jose-3.14.3.tgz",
      "integrity": "sha512-j1vO5oWqa6LmdpiZvhkM9NYxN3EuTrmzVIqSGWtJVP6BOByujZdefZZjSFGzxmbf4GLYWaXLZMKTyVPbm00S2Q=="
    }
  }
}
